// !$*UTF8*$!
{
	archiveVersion = 1;
	classes = {
	};
	objectVersion = 46;
	objects = {

/* Begin PBXBuildFile section */
		D9B6E5F61B27B7A8004011A7 /* AppDelegate.swift in Sources */ = {isa = PBXBuildFile; fileRef = D9B6E5F51B27B7A8004011A7 /* AppDelegate.swift */; };
		D9B6E5F81B27B7A8004011A7 /* ViewController.swift in Sources */ = {isa = PBXBuildFile; fileRef = D9B6E5F71B27B7A8004011A7 /* ViewController.swift */; };
		D9B6E5FB1B27B7A8004011A7 /* Main.storyboard in Resources */ = {isa = PBXBuildFile; fileRef = D9B6E5F91B27B7A8004011A7 /* Main.storyboard */; };
		D9B6E5FD1B27B7A8004011A7 /* Images.xcassets in Resources */ = {isa = PBXBuildFile; fileRef = D9B6E5FC1B27B7A8004011A7 /* Images.xcassets */; };
		D9B6E6001B27B7A8004011A7 /* LaunchScreen.xib in Resources */ = {isa = PBXBuildFile; fileRef = D9B6E5FE1B27B7A8004011A7 /* LaunchScreen.xib */; };
		D9B6E60C1B27B7A9004011A7 /* PersistAssignmentTests.swift in Sources */ = {isa = PBXBuildFile; fileRef = D9B6E60B1B27B7A9004011A7 /* PersistAssignmentTests.swift */; };
/* End PBXBuildFile section */

/* Begin PBXContainerItemProxy section */
		D9B6E6061B27B7A9004011A7 /* PBXContainerItemProxy */ = {
			isa = PBXContainerItemProxy;
			containerPortal = D9B6E5E81B27B7A8004011A7 /* Project object */;
			proxyType = 1;
			remoteGlobalIDString = D9B6E5EF1B27B7A8004011A7;
			remoteInfo = PersistAssignment;
		};
/* End PBXContainerItemProxy section */

/* Begin PBXFileReference section */
		D9B6E5F01B27B7A8004011A7 /* PersistAssignment.app */ = {isa = PBXFileReference; explicitFileType = wrapper.application; includeInIndex = 0; path = PersistAssignment.app; sourceTree = BUILT_PRODUCTS_DIR; };
		D9B6E5F41B27B7A8004011A7 /* Info.plist */ = {isa = PBXFileReference; lastKnownFileType = text.plist.xml; path = Info.plist; sourceTree = "<group>"; };
		D9B6E5F51B27B7A8004011A7 /* AppDelegate.swift */ = {isa = PBXFileReference; lastKnownFileType = sourcecode.swift; path = AppDelegate.swift; sourceTree = "<group>"; };
		D9B6E5F71B27B7A8004011A7 /* ViewController.swift */ = {isa = PBXFileReference; lastKnownFileType = sourcecode.swift; path = ViewController.swift; sourceTree = "<group>"; };
		D9B6E5FA1B27B7A8004011A7 /* Base */ = {isa = PBXFileReference; lastKnownFileType = file.storyboard; name = Base; path = Base.lproj/Main.storyboard; sourceTree = "<group>"; };
		D9B6E5FC1B27B7A8004011A7 /* Images.xcassets */ = {isa = PBXFileReference; lastKnownFileType = folder.assetcatalog; path = Images.xcassets; sourceTree = "<group>"; };
		D9B6E5FF1B27B7A8004011A7 /* Base */ = {isa = PBXFileReference; lastKnownFileType = file.xib; name = Base; path = Base.lproj/LaunchScreen.xib; sourceTree = "<group>"; };
		D9B6E6051B27B7A9004011A7 /* PersistAssignmentTests.xctest */ = {isa = PBXFileReference; explicitFileType = wrapper.cfbundle; includeInIndex = 0; path = PersistAssignmentTests.xctest; sourceTree = BUILT_PRODUCTS_DIR; };
		D9B6E60A1B27B7A9004011A7 /* Info.plist */ = {isa = PBXFileReference; lastKnownFileType = text.plist.xml; path = Info.plist; sourceTree = "<group>"; };
		D9B6E60B1B27B7A9004011A7 /* PersistAssignmentTests.swift */ = {isa = PBXFileReference; lastKnownFileType = sourcecode.swift; path = PersistAssignmentTests.swift; sourceTree = "<group>"; };
/* End PBXFileReference section */

/* Begin PBXFrameworksBuildPhase section */
		D9B6E5ED1B27B7A8004011A7 /* Frameworks */ = {
			isa = PBXFrameworksBuildPhase;
			buildActionMask = 2147483647;
			files = (
			);
			runOnlyForDeploymentPostprocessing = 0;
		};
		D9B6E6021B27B7A9004011A7 /* Frameworks */ = {
			isa = PBXFrameworksBuildPhase;
			buildActionMask = 2147483647;
			files = (
			);
			runOnlyForDeploymentPostprocessing = 0;
		};
/* End PBXFrameworksBuildPhase section */

/* Begin PBXGroup section */
		D9B6E5E71B27B7A8004011A7 = {
			isa = PBXGroup;
			children = (
				D9B6E5F21B27B7A8004011A7 /* PersistAssignment */,
				D9B6E6081B27B7A9004011A7 /* PersistAssignmentTests */,
				D9B6E5F11B27B7A8004011A7 /* Products */,
			);
			sourceTree = "<group>";
		};
		D9B6E5F11B27B7A8004011A7 /* Products */ = {
			isa = PBXGroup;
			children = (
				D9B6E5F01B27B7A8004011A7 /* PersistAssignment.app */,
				D9B6E6051B27B7A9004011A7 /* PersistAssignmentTests.xctest */,
			);
			name = Products;
			sourceTree = "<group>";
		};
		D9B6E5F21B27B7A8004011A7 /* PersistAssignment */ = {
			isa = PBXGroup;
			children = (
				D9B6E5F51B27B7A8004011A7 /* AppDelegate.swift */,
				D9B6E5F71B27B7A8004011A7 /* ViewController.swift */,
				D9B6E5F91B27B7A8004011A7 /* Main.storyboard */,
				D9B6E5FC1B27B7A8004011A7 /* Images.xcassets */,
				D9B6E5FE1B27B7A8004011A7 /* LaunchScreen.xib */,
				D9B6E5F31B27B7A8004011A7 /* Supporting Files */,
			);
			path = PersistAssignment;
			sourceTree = "<group>";
		};
		D9B6E5F31B27B7A8004011A7 /* Supporting Files */ = {
			isa = PBXGroup;
			children = (
				D9B6E5F41B27B7A8004011A7 /* Info.plist */,
			);
			name = "Supporting Files";
			sourceTree = "<group>";
		};
		D9B6E6081B27B7A9004011A7 /* PersistAssignmentTests */ = {
			isa = PBXGroup;
			children = (
				D9B6E60B1B27B7A9004011A7 /* PersistAssignmentTests.swift */,
				D9B6E6091B27B7A9004011A7 /* Supporting Files */,
			);
			path = PersistAssignmentTests;
			sourceTree = "<group>";
		};
		D9B6E6091B27B7A9004011A7 /* Supporting Files */ = {
			isa = PBXGroup;
			children = (
				D9B6E60A1B27B7A9004011A7 /* Info.plist */,
			);
			name = "Supporting Files";
			sourceTree = "<group>";
		};
/* End PBXGroup section */

/* Begin PBXNativeTarget section */
		D9B6E5EF1B27B7A8004011A7 /* PersistAssignment */ = {
			isa = PBXNativeTarget;
			buildConfigurationList = D9B6E60F1B27B7A9004011A7 /* Build configuration list for PBXNativeTarget "PersistAssignment" */;
			buildPhases = (
				D9B6E5EC1B27B7A8004011A7 /* Sources */,
				D9B6E5ED1B27B7A8004011A7 /* Frameworks */,
				D9B6E5EE1B27B7A8004011A7 /* Resources */,
			);
			buildRules = (
			);
			dependencies = (
			);
			name = PersistAssignment;
			productName = PersistAssignment;
			productReference = D9B6E5F01B27B7A8004011A7 /* PersistAssignment.app */;
			productType = "com.apple.product-type.application";
		};
		D9B6E6041B27B7A9004011A7 /* PersistAssignmentTests */ = {
			isa = PBXNativeTarget;
			buildConfigurationList = D9B6E6121B27B7A9004011A7 /* Build configuration list for PBXNativeTarget "PersistAssignmentTests" */;
			buildPhases = (
				D9B6E6011B27B7A9004011A7 /* Sources */,
				D9B6E6021B27B7A9004011A7 /* Frameworks */,
				D9B6E6031B27B7A9004011A7 /* Resources */,
			);
			buildRules = (
			);
			dependencies = (
				D9B6E6071B27B7A9004011A7 /* PBXTargetDependency */,
			);
			name = PersistAssignmentTests;
			productName = PersistAssignmentTests;
			productReference = D9B6E6051B27B7A9004011A7 /* PersistAssignmentTests.xctest */;
			productType = "com.apple.product-type.bundle.unit-test";
		};
/* End PBXNativeTarget section */

/* Begin PBXProject section */
		D9B6E5E81B27B7A8004011A7 /* Project object */ = {
			isa = PBXProject;
			attributes = {
				LastUpgradeCheck = 0630;
				ORGANIZATIONNAME = Constantin;
				TargetAttributes = {
					D9B6E5EF1B27B7A8004011A7 = {
						CreatedOnToolsVersion = 6.3.2;
					};
					D9B6E6041B27B7A9004011A7 = {
						CreatedOnToolsVersion = 6.3.2;
						TestTargetID = D9B6E5EF1B27B7A8004011A7;
					};
				};
			};
			buildConfigurationList = D9B6E5EB1B27B7A8004011A7 /* Build configuration list for PBXProject "PersistAssignment" */;
			compatibilityVersion = "Xcode 3.2";
			developmentRegion = English;
			hasScannedForEncodings = 0;
			knownRegions = (
				en,
				Base,
			);
			mainGroup = D9B6E5E71B27B7A8004011A7;
			productRefGroup = D9B6E5F11B27B7A8004011A7 /* Products */;
			projectDirPath = "";
			projectRoot = "";
			targets = (
				D9B6E5EF1B27B7A8004011A7 /* PersistAssignment */,
				D9B6E6041B27B7A9004011A7 /* PersistAssignmentTests */,
			);
		};
/* End PBXProject section */

/* Begin PBXResourcesBuildPhase section */
		D9B6E5EE1B27B7A8004011A7 /* Resources */ = {
			isa = PBXResourcesBuildPhase;
			buildActionMask = 2147483647;
			files = (
				D9B6E5FB1B27B7A8004011A7 /* Main.storyboard in Resources */,
				D9B6E6001B27B7A8004011A7 /* LaunchScreen.xib in Resources */,
				D9B6E5FD1B27B7A8004011A7 /* Images.xcassets in Resources */,
			);
			runOnlyForDeploymentPostprocessing = 0;
		};
		D9B6E6031B27B7A9004011A7 /* Resources */ = {
			isa = PBXResourcesBuildPhase;
			buildActionMask = 2147483647;
			files = (
			);
			runOnlyForDeploymentPostprocessing = 0;
		};
/* End PBXResourcesBuildPhase section */

/* Begin PBXSourcesBuildPhase section */
		D9B6E5EC1B27B7A8004011A7 /* Sources */ = {
			isa = PBXSourcesBuildPhase;
			buildActionMask = 2147483647;
			files = (
				D9B6E5F81B27B7A8004011A7 /* ViewController.swift in Sources */,
				D9B6E5F61B27B7A8004011A7 /* AppDelegate.swift in Sources */,
			);
			runOnlyForDeploymentPostprocessing = 0;
		};
		D9B6E6011B27B7A9004011A7 /* Sources */ = {
			isa = PBXSourcesBuildPhase;
			buildActionMask = 2147483647;
			files = (
				D9B6E60C1B27B7A9004011A7 /* PersistAssignmentTests.swift in Sources */,
			);
			runOnlyForDeploymentPostprocessing = 0;
		};
/* End PBXSourcesBuildPhase section */

/* Begin PBXTargetDependency section */
		D9B6E6071B27B7A9004011A7 /* PBXTargetDependency */ = {
			isa = PBXTargetDependency;
			target = D9B6E5EF1B27B7A8004011A7 /* PersistAssignment */;
			targetProxy = D9B6E6061B27B7A9004011A7 /* PBXContainerItemProxy */;
		};
/* End PBXTargetDependency section */

/* Begin PBXVariantGroup section */
		D9B6E5F91B27B7A8004011A7 /* Main.storyboard */ = {
			isa = PBXVariantGroup;
			children = (
				D9B6E5FA1B27B7A8004011A7 /* Base */,
			);
			name = Main.storyboard;
			sourceTree = "<group>";
		};
		D9B6E5FE1B27B7A8004011A7 /* LaunchScreen.xib */ = {
			isa = PBXVariantGroup;
			children = (
				D9B6E5FF1B27B7A8004011A7 /* Base */,
			);
			name = LaunchScreen.xib;
			sourceTree = "<group>";
		};
/* End PBXVariantGroup section */

/* Begin XCBuildConfiguration section */
		D9B6E60D1B27B7A9004011A7 /* Debug */ = {
			isa = XCBuildConfiguration;
			buildSettings = {
				ALWAYS_SEARCH_USER_PATHS = NO;
				CLANG_CXX_LANGUAGE_STANDARD = "gnu++0x";
				CLANG_CXX_LIBRARY = "libc++";
				CLANG_ENABLE_MODULES = YES;
				CLANG_ENABLE_OBJC_ARC = YES;
				CLANG_WARN_BOOL_CONVERSION = YES;
				CLANG_WARN_CONSTANT_CONVERSION = YES;
				CLANG_WARN_DIRECT_OBJC_ISA_USAGE = YES_ERROR;
				CLANG_WARN_EMPTY_BODY = YES;
				CLANG_WARN_ENUM_CONVERSION = YES;
				CLANG_WARN_INT_CONVERSION = YES;
				CLANG_WARN_OBJC_ROOT_CLASS = YES_ERROR;
				CLANG_WARN_UNREACHABLE_CODE = YES;
				CLANG_WARN__DUPLICATE_METHOD_MATCH = YES;
				"CODE_SIGN_IDENTITY[sdk=iphoneos*]" = "iPhone Developer";
				COPY_PHASE_STRIP = NO;
				DEBUG_INFORMATION_FORMAT = "dwarf-with-dsym";
				ENABLE_STRICT_OBJC_MSGSEND = YES;
				GCC_C_LANGUAGE_STANDARD = gnu99;
				GCC_DYNAMIC_NO_PIC = NO;
				GCC_NO_COMMON_BLOCKS = YES;
				GCC_OPTIMIZATION_LEVEL = 0;
				GCC_PREPROCESSOR_DEFINITIONS = (
					"DEBUG=1",
					"$(inherited)",
				);
				GCC_SYMBOLS_PRIVATE_EXTERN = NO;
				GCC_WARN_64_TO_32_BIT_CONVERSION = YES;
				GCC_WARN_ABOUT_RETURN_TYPE = YES_ERROR;
				GCC_WARN_UNDECLARED_SELECTOR = YES;
				GCC_WARN_UNINITIALIZED_AUTOS = YES_AGGRESSIVE;
				GCC_WARN_UNUSED_FUNCTION = YES;
				GCC_WARN_UNUSED_VARIABLE = YES;
				IPHONEOS_DEPLOYMENT_TARGET = 8.3;
				MTL_ENABLE_DEBUG_INFO = YES;
				ONLY_ACTIVE_ARCH = YES;
				SDKROOT = iphoneos;
				SWIFT_OPTIMIZATION_LEVEL = "-Onone";
			};
			name = Debug;
		};
		D9B6E60E1B27B7A9004011A7 /* Release */ = {
			isa = XCBuildConfiguration;
			buildSettings = {
				ALWAYS_SEARCH_USER_PATHS = NO;
				CLANG_CXX_LANGUAGE_STANDARD = "gnu++0x";
				CLANG_CXX_LIBRARY = "libc++";
				CLANG_ENABLE_MODULES = YES;
				CLANG_ENABLE_OBJC_ARC = YES;
				CLANG_WARN_BOOL_CONVERSION = YES;
				CLANG_WARN_CONSTANT_CONVERSION = YES;
				CLANG_WARN_DIRECT_OBJC_ISA_USAGE = YES_ERROR;
				CLANG_WARN_EMPTY_BODY = YES;
				CLANG_WARN_ENUM_CONVERSION = YES;
				CLANG_WARN_INT_CONVERSION = YES;
				CLANG_WARN_OBJC_ROOT_CLASS = YES_ERROR;
				CLANG_WARN_UNREACHABLE_CODE = YES;
				CLANG_WARN__DUPLICATE_METHOD_MATCH = YES;
				"CODE_SIGN_IDENTITY[sdk=iphoneos*]" = "iPhone Developer";
				COPY_PHASE_STRIP = NO;
				DEBUG_INFORMATION_FORMAT = "dwarf-with-dsym";
				ENABLE_NS_ASSERTIONS = NO;
				ENABLE_STRICT_OBJC_MSGSEND = YES;
				GCC_C_LANGUAGE_STANDARD = gnu99;
				GCC_NO_COMMON_BLOCKS = YES;
				GCC_WARN_64_TO_32_BIT_CONVERSION = YES;
				GCC_WARN_ABOUT_RETURN_TYPE = YES_ERROR;
				GCC_WARN_UNDECLARED_SELECTOR = YES;
				GCC_WARN_UNINITIALIZED_AUTOS = YES_AGGRESSIVE;
				GCC_WARN_UNUSED_FUNCTION = YES;
				GCC_WARN_UNUSED_VARIABLE = YES;
				IPHONEOS_DEPLOYMENT_TARGET = 8.3;
				MTL_ENABLE_DEBUG_INFO = NO;
				SDKROOT = iphoneos;
				VALIDATE_PRODUCT = YES;
			};
			name = Release;
		};
		D9B6E6101B27B7A9004011A7 /* Debug */ = {
			isa = XCBuildConfiguration;
			buildSettings = {
				ASSETCATALOG_COMPILER_APPICON_NAME = AppIcon;
				INFOPLIST_FILE = PersistAssignment/Info.plist;
				LD_RUNPATH_SEARCH_PATHS = "$(inherited) @executable_path/Frameworks";
				PRODUCT_NAME = "$(TARGET_NAME)";
			};
			name = Debug;
		};
		D9B6E6111B27B7A9004011A7 /* Release */ = {
			isa = XCBuildConfiguration;
			buildSettings = {
				ASSETCATALOG_COMPILER_APPICON_NAME = AppIcon;
				INFOPLIST_FILE = PersistAssignment/Info.plist;
				LD_RUNPATH_SEARCH_PATHS = "$(inherited) @executable_path/Frameworks";
				PRODUCT_NAME = "$(TARGET_NAME)";
			};
			name = Release;
		};
		D9B6E6131B27B7A9004011A7 /* Debug */ = {
			isa = XCBuildConfiguration;
			buildSettings = {
				BUNDLE_LOADER = "$(TEST_HOST)";
				FRAMEWORK_SEARCH_PATHS = (
					"$(SDKROOT)/Developer/Library/Frameworks",
					"$(inherited)",
				);
				GCC_PREPROCESSOR_DEFINITIONS = (
					"DEBUG=1",
					"$(inherited)",
				);
				INFOPLIST_FILE = PersistAssignmentTests/Info.plist;
				LD_RUNPATH_SEARCH_PATHS = "$(inherited) @executable_path/Frameworks @loader_path/Frameworks";
				PRODUCT_NAME = "$(TARGET_NAME)";
				TEST_HOST = "$(BUILT_PRODUCTS_DIR)/PersistAssignment.app/PersistAssignment";
			};
			name = Debug;
		};
		D9B6E6141B27B7A9004011A7 /* Release */ = {
			isa = XCBuildConfiguration;
			buildSettings = {
				BUNDLE_LOADER = "$(TEST_HOST)";
				FRAMEWORK_SEARCH_PATHS = (
					"$(SDKROOT)/Developer/Library/Frameworks",
					"$(inherited)",
				);
				INFOPLIST_FILE = PersistAssignmentTests/Info.plist;
				LD_RUNPATH_SEARCH_PATHS = "$(inherited) @executable_path/Frameworks @loader_path/Frameworks";
				PRODUCT_NAME = "$(TARGET_NAME)";
				TEST_HOST = "$(BUILT_PRODUCTS_DIR)/PersistAssignment.app/PersistAssignment";
			};
			name = Release;
		};
/* End XCBuildConfiguration section */

/* Begin XCConfigurationList section */
		D9B6E5EB1B27B7A8004011A7 /* Build configuration list for PBXProject "PersistAssignment" */ = {
			isa = XCConfigurationList;
			buildConfigurations = (
				D9B6E60D1B27B7A9004011A7 /* Debug */,
				D9B6E60E1B27B7A9004011A7 /* Release */,
			);
			defaultConfigurationIsVisible = 0;
			defaultConfigurationName = Release;
		};
		D9B6E60F1B27B7A9004011A7 /* Build configuration list for PBXNativeTarget "PersistAssignment" */ = {
			isa = XCConfigurationList;
			buildConfigurations = (
				D9B6E6101B27B7A9004011A7 /* Debug */,
				D9B6E6111B27B7A9004011A7 /* Release */,
			);
			defaultConfigurationIsVisible = 0;
		};
		D9B6E6121B27B7A9004011A7 /* Build configuration list for PBXNativeTarget "PersistAssignmentTests" */ = {
			isa = XCConfigurationList;
			buildConfigurations = (
				D9B6E6131B27B7A9004011A7 /* Debug */,
				D9B6E6141B27B7A9004011A7 /* Release */,
			);
			defaultConfigurationIsVisible = 0;
		};
/* End XCConfigurationList section */
	};
	rootObject = D9B6E5E81B27B7A8004011A7 /* Project object */;
}
