// !$*UTF8*$!
{
	archiveVersion = 1;
	classes = {
	};
	objectVersion = 46;
	objects = {

/* Begin PBXBuildFile section */
		D95ADD4B1B0C0DAA007B78F6 /* AppDelegate.swift in Sources */ = {isa = PBXBuildFile; fileRef = D95ADD4A1B0C0DAA007B78F6 /* AppDelegate.swift */; };
		D95ADD4D1B0C0DAA007B78F6 /* ViewController.swift in Sources */ = {isa = PBXBuildFile; fileRef = D95ADD4C1B0C0DAA007B78F6 /* ViewController.swift */; };
		D95ADD501B0C0DAA007B78F6 /* Main.storyboard in Resources */ = {isa = PBXBuildFile; fileRef = D95ADD4E1B0C0DAA007B78F6 /* Main.storyboard */; };
		D95ADD521B0C0DAB007B78F6 /* Images.xcassets in Resources */ = {isa = PBXBuildFile; fileRef = D95ADD511B0C0DAB007B78F6 /* Images.xcassets */; };
		D95ADD551B0C0DAB007B78F6 /* LaunchScreen.xib in Resources */ = {isa = PBXBuildFile; fileRef = D95ADD531B0C0DAB007B78F6 /* LaunchScreen.xib */; };
		D95ADD611B0C0DAB007B78F6 /* ToDoListTests.swift in Sources */ = {isa = PBXBuildFile; fileRef = D95ADD601B0C0DAB007B78F6 /* ToDoListTests.swift */; };
		D95ADD6B1B0C142E007B78F6 /* NewTaskViewController.swift in Sources */ = {isa = PBXBuildFile; fileRef = D95ADD6A1B0C142E007B78F6 /* NewTaskViewController.swift */; };
/* End PBXBuildFile section */

/* Begin PBXContainerItemProxy section */
		D95ADD5B1B0C0DAB007B78F6 /* PBXContainerItemProxy */ = {
			isa = PBXContainerItemProxy;
			containerPortal = D95ADD3D1B0C0DAA007B78F6 /* Project object */;
			proxyType = 1;
			remoteGlobalIDString = D95ADD441B0C0DAA007B78F6;
			remoteInfo = ToDoList;
		};
/* End PBXContainerItemProxy section */

/* Begin PBXFileReference section */
		D95ADD451B0C0DAA007B78F6 /* ToDoList.app */ = {isa = PBXFileReference; explicitFileType = wrapper.application; includeInIndex = 0; path = ToDoList.app; sourceTree = BUILT_PRODUCTS_DIR; };
		D95ADD491B0C0DAA007B78F6 /* Info.plist */ = {isa = PBXFileReference; lastKnownFileType = text.plist.xml; path = Info.plist; sourceTree = "<group>"; };
		D95ADD4A1B0C0DAA007B78F6 /* AppDelegate.swift */ = {isa = PBXFileReference; lastKnownFileType = sourcecode.swift; path = AppDelegate.swift; sourceTree = "<group>"; };
		D95ADD4C1B0C0DAA007B78F6 /* ViewController.swift */ = {isa = PBXFileReference; lastKnownFileType = sourcecode.swift; path = ViewController.swift; sourceTree = "<group>"; };
		D95ADD4F1B0C0DAA007B78F6 /* Base */ = {isa = PBXFileReference; lastKnownFileType = file.storyboard; name = Base; path = Base.lproj/Main.storyboard; sourceTree = "<group>"; };
		D95ADD511B0C0DAB007B78F6 /* Images.xcassets */ = {isa = PBXFileReference; lastKnownFileType = folder.assetcatalog; path = Images.xcassets; sourceTree = "<group>"; };
		D95ADD541B0C0DAB007B78F6 /* Base */ = {isa = PBXFileReference; lastKnownFileType = file.xib; name = Base; path = Base.lproj/LaunchScreen.xib; sourceTree = "<group>"; };
		D95ADD5A1B0C0DAB007B78F6 /* ToDoListTests.xctest */ = {isa = PBXFileReference; explicitFileType = wrapper.cfbundle; includeInIndex = 0; path = ToDoListTests.xctest; sourceTree = BUILT_PRODUCTS_DIR; };
		D95ADD5F1B0C0DAB007B78F6 /* Info.plist */ = {isa = PBXFileReference; lastKnownFileType = text.plist.xml; path = Info.plist; sourceTree = "<group>"; };
		D95ADD601B0C0DAB007B78F6 /* ToDoListTests.swift */ = {isa = PBXFileReference; lastKnownFileType = sourcecode.swift; path = ToDoListTests.swift; sourceTree = "<group>"; };
		D95ADD6A1B0C142E007B78F6 /* NewTaskViewController.swift */ = {isa = PBXFileReference; fileEncoding = 4; lastKnownFileType = sourcecode.swift; path = NewTaskViewController.swift; sourceTree = "<group>"; };
/* End PBXFileReference section */

/* Begin PBXFrameworksBuildPhase section */
		D95ADD421B0C0DAA007B78F6 /* Frameworks */ = {
			isa = PBXFrameworksBuildPhase;
			buildActionMask = 2147483647;
			files = (
			);
			runOnlyForDeploymentPostprocessing = 0;
		};
		D95ADD571B0C0DAB007B78F6 /* Frameworks */ = {
			isa = PBXFrameworksBuildPhase;
			buildActionMask = 2147483647;
			files = (
			);
			runOnlyForDeploymentPostprocessing = 0;
		};
/* End PBXFrameworksBuildPhase section */

/* Begin PBXGroup section */
		D95ADD3C1B0C0DAA007B78F6 = {
			isa = PBXGroup;
			children = (
				D95ADD471B0C0DAA007B78F6 /* ToDoList */,
				D95ADD5D1B0C0DAB007B78F6 /* ToDoListTests */,
				D95ADD461B0C0DAA007B78F6 /* Products */,
			);
			sourceTree = "<group>";
		};
		D95ADD461B0C0DAA007B78F6 /* Products */ = {
			isa = PBXGroup;
			children = (
				D95ADD451B0C0DAA007B78F6 /* ToDoList.app */,
				D95ADD5A1B0C0DAB007B78F6 /* ToDoListTests.xctest */,
			);
			name = Products;
			sourceTree = "<group>";
		};
		D95ADD471B0C0DAA007B78F6 /* ToDoList */ = {
			isa = PBXGroup;
			children = (
				D95ADD4A1B0C0DAA007B78F6 /* AppDelegate.swift */,
				D95ADD4C1B0C0DAA007B78F6 /* ViewController.swift */,
				D95ADD4E1B0C0DAA007B78F6 /* Main.storyboard */,
				D95ADD6A1B0C142E007B78F6 /* NewTaskViewController.swift */,
				D95ADD511B0C0DAB007B78F6 /* Images.xcassets */,
				D95ADD531B0C0DAB007B78F6 /* LaunchScreen.xib */,
				D95ADD481B0C0DAA007B78F6 /* Supporting Files */,
			);
			path = ToDoList;
			sourceTree = "<group>";
		};
		D95ADD481B0C0DAA007B78F6 /* Supporting Files */ = {
			isa = PBXGroup;
			children = (
				D95ADD491B0C0DAA007B78F6 /* Info.plist */,
			);
			name = "Supporting Files";
			sourceTree = "<group>";
		};
		D95ADD5D1B0C0DAB007B78F6 /* ToDoListTests */ = {
			isa = PBXGroup;
			children = (
				D95ADD601B0C0DAB007B78F6 /* ToDoListTests.swift */,
				D95ADD5E1B0C0DAB007B78F6 /* Supporting Files */,
			);
			path = ToDoListTests;
			sourceTree = "<group>";
		};
		D95ADD5E1B0C0DAB007B78F6 /* Supporting Files */ = {
			isa = PBXGroup;
			children = (
				D95ADD5F1B0C0DAB007B78F6 /* Info.plist */,
			);
			name = "Supporting Files";
			sourceTree = "<group>";
		};
/* End PBXGroup section */

/* Begin PBXNativeTarget section */
		D95ADD441B0C0DAA007B78F6 /* ToDoList */ = {
			isa = PBXNativeTarget;
			buildConfigurationList = D95ADD641B0C0DAB007B78F6 /* Build configuration list for PBXNativeTarget "ToDoList" */;
			buildPhases = (
				D95ADD411B0C0DAA007B78F6 /* Sources */,
				D95ADD421B0C0DAA007B78F6 /* Frameworks */,
				D95ADD431B0C0DAA007B78F6 /* Resources */,
			);
			buildRules = (
			);
			dependencies = (
			);
			name = ToDoList;
			productName = ToDoList;
			productReference = D95ADD451B0C0DAA007B78F6 /* ToDoList.app */;
			productType = "com.apple.product-type.application";
		};
		D95ADD591B0C0DAB007B78F6 /* ToDoListTests */ = {
			isa = PBXNativeTarget;
			buildConfigurationList = D95ADD671B0C0DAB007B78F6 /* Build configuration list for PBXNativeTarget "ToDoListTests" */;
			buildPhases = (
				D95ADD561B0C0DAB007B78F6 /* Sources */,
				D95ADD571B0C0DAB007B78F6 /* Frameworks */,
				D95ADD581B0C0DAB007B78F6 /* Resources */,
			);
			buildRules = (
			);
			dependencies = (
				D95ADD5C1B0C0DAB007B78F6 /* PBXTargetDependency */,
			);
			name = ToDoListTests;
			productName = ToDoListTests;
			productReference = D95ADD5A1B0C0DAB007B78F6 /* ToDoListTests.xctest */;
			productType = "com.apple.product-type.bundle.unit-test";
		};
/* End PBXNativeTarget section */

/* Begin PBXProject section */
		D95ADD3D1B0C0DAA007B78F6 /* Project object */ = {
			isa = PBXProject;
			attributes = {
				LastUpgradeCheck = 0630;
				ORGANIZATIONNAME = Constantin;
				TargetAttributes = {
					D95ADD441B0C0DAA007B78F6 = {
						CreatedOnToolsVersion = 6.3.1;
					};
					D95ADD591B0C0DAB007B78F6 = {
						CreatedOnToolsVersion = 6.3.1;
						TestTargetID = D95ADD441B0C0DAA007B78F6;
					};
				};
			};
			buildConfigurationList = D95ADD401B0C0DAA007B78F6 /* Build configuration list for PBXProject "ToDoList" */;
			compatibilityVersion = "Xcode 3.2";
			developmentRegion = English;
			hasScannedForEncodings = 0;
			knownRegions = (
				en,
				Base,
			);
			mainGroup = D95ADD3C1B0C0DAA007B78F6;
			productRefGroup = D95ADD461B0C0DAA007B78F6 /* Products */;
			projectDirPath = "";
			projectRoot = "";
			targets = (
				D95ADD441B0C0DAA007B78F6 /* ToDoList */,
				D95ADD591B0C0DAB007B78F6 /* ToDoListTests */,
			);
		};
/* End PBXProject section */

/* Begin PBXResourcesBuildPhase section */
		D95ADD431B0C0DAA007B78F6 /* Resources */ = {
			isa = PBXResourcesBuildPhase;
			buildActionMask = 2147483647;
			files = (
				D95ADD501B0C0DAA007B78F6 /* Main.storyboard in Resources */,
				D95ADD551B0C0DAB007B78F6 /* LaunchScreen.xib in Resources */,
				D95ADD521B0C0DAB007B78F6 /* Images.xcassets in Resources */,
			);
			runOnlyForDeploymentPostprocessing = 0;
		};
		D95ADD581B0C0DAB007B78F6 /* Resources */ = {
			isa = PBXResourcesBuildPhase;
			buildActionMask = 2147483647;
			files = (
			);
			runOnlyForDeploymentPostprocessing = 0;
		};
/* End PBXResourcesBuildPhase section */

/* Begin PBXSourcesBuildPhase section */
		D95ADD411B0C0DAA007B78F6 /* Sources */ = {
			isa = PBXSourcesBuildPhase;
			buildActionMask = 2147483647;
			files = (
				D95ADD4D1B0C0DAA007B78F6 /* ViewController.swift in Sources */,
				D95ADD6B1B0C142E007B78F6 /* NewTaskViewController.swift in Sources */,
				D95ADD4B1B0C0DAA007B78F6 /* AppDelegate.swift in Sources */,
			);
			runOnlyForDeploymentPostprocessing = 0;
		};
		D95ADD561B0C0DAB007B78F6 /* Sources */ = {
			isa = PBXSourcesBuildPhase;
			buildActionMask = 2147483647;
			files = (
				D95ADD611B0C0DAB007B78F6 /* ToDoListTests.swift in Sources */,
			);
			runOnlyForDeploymentPostprocessing = 0;
		};
/* End PBXSourcesBuildPhase section */

/* Begin PBXTargetDependency section */
		D95ADD5C1B0C0DAB007B78F6 /* PBXTargetDependency */ = {
			isa = PBXTargetDependency;
			target = D95ADD441B0C0DAA007B78F6 /* ToDoList */;
			targetProxy = D95ADD5B1B0C0DAB007B78F6 /* PBXContainerItemProxy */;
		};
/* End PBXTargetDependency section */

/* Begin PBXVariantGroup section */
		D95ADD4E1B0C0DAA007B78F6 /* Main.storyboard */ = {
			isa = PBXVariantGroup;
			children = (
				D95ADD4F1B0C0DAA007B78F6 /* Base */,
			);
			name = Main.storyboard;
			sourceTree = "<group>";
		};
		D95ADD531B0C0DAB007B78F6 /* LaunchScreen.xib */ = {
			isa = PBXVariantGroup;
			children = (
				D95ADD541B0C0DAB007B78F6 /* Base */,
			);
			name = LaunchScreen.xib;
			sourceTree = "<group>";
		};
/* End PBXVariantGroup section */

/* Begin XCBuildConfiguration section */
		D95ADD621B0C0DAB007B78F6 /* Debug */ = {
			isa = XCBuildConfiguration;
			buildSettings = {
				ALWAYS_SEARCH_USER_PATHS = NO;
				CLANG_CXX_LANGUAGE_STANDARD = "gnu++0x";
				CLANG_CXX_LIBRARY = "libc++";
				CLANG_ENABLE_MODULES = YES;
				CLANG_ENABLE_OBJC_ARC = YES;
				CLANG_WARN_BOOL_CONVERSION = YES;
				CLANG_WARN_CONSTANT_CONVERSION = YES;
				CLANG_WARN_DIRECT_OBJC_ISA_USAGE = YES_ERROR;
				CLANG_WARN_EMPTY_BODY = YES;
				CLANG_WARN_ENUM_CONVERSION = YES;
				CLANG_WARN_INT_CONVERSION = YES;
				CLANG_WARN_OBJC_ROOT_CLASS = YES_ERROR;
				CLANG_WARN_UNREACHABLE_CODE = YES;
				CLANG_WARN__DUPLICATE_METHOD_MATCH = YES;
				"CODE_SIGN_IDENTITY[sdk=iphoneos*]" = "iPhone Developer";
				COPY_PHASE_STRIP = NO;
				DEBUG_INFORMATION_FORMAT = "dwarf-with-dsym";
				ENABLE_STRICT_OBJC_MSGSEND = YES;
				GCC_C_LANGUAGE_STANDARD = gnu99;
				GCC_DYNAMIC_NO_PIC = NO;
				GCC_NO_COMMON_BLOCKS = YES;
				GCC_OPTIMIZATION_LEVEL = 0;
				GCC_PREPROCESSOR_DEFINITIONS = (
					"DEBUG=1",
					"$(inherited)",
				);
				GCC_SYMBOLS_PRIVATE_EXTERN = NO;
				GCC_WARN_64_TO_32_BIT_CONVERSION = YES;
				GCC_WARN_ABOUT_RETURN_TYPE = YES_ERROR;
				GCC_WARN_UNDECLARED_SELECTOR = YES;
				GCC_WARN_UNINITIALIZED_AUTOS = YES_AGGRESSIVE;
				GCC_WARN_UNUSED_FUNCTION = YES;
				GCC_WARN_UNUSED_VARIABLE = YES;
				IPHONEOS_DEPLOYMENT_TARGET = 8.3;
				MTL_ENABLE_DEBUG_INFO = YES;
				ONLY_ACTIVE_ARCH = YES;
				SDKROOT = iphoneos;
				SWIFT_OPTIMIZATION_LEVEL = "-Onone";
			};
			name = Debug;
		};
		D95ADD631B0C0DAB007B78F6 /* Release */ = {
			isa = XCBuildConfiguration;
			buildSettings = {
				ALWAYS_SEARCH_USER_PATHS = NO;
				CLANG_CXX_LANGUAGE_STANDARD = "gnu++0x";
				CLANG_CXX_LIBRARY = "libc++";
				CLANG_ENABLE_MODULES = YES;
				CLANG_ENABLE_OBJC_ARC = YES;
				CLANG_WARN_BOOL_CONVERSION = YES;
				CLANG_WARN_CONSTANT_CONVERSION = YES;
				CLANG_WARN_DIRECT_OBJC_ISA_USAGE = YES_ERROR;
				CLANG_WARN_EMPTY_BODY = YES;
				CLANG_WARN_ENUM_CONVERSION = YES;
				CLANG_WARN_INT_CONVERSION = YES;
				CLANG_WARN_OBJC_ROOT_CLASS = YES_ERROR;
				CLANG_WARN_UNREACHABLE_CODE = YES;
				CLANG_WARN__DUPLICATE_METHOD_MATCH = YES;
				"CODE_SIGN_IDENTITY[sdk=iphoneos*]" = "iPhone Developer";
				COPY_PHASE_STRIP = NO;
				DEBUG_INFORMATION_FORMAT = "dwarf-with-dsym";
				ENABLE_NS_ASSERTIONS = NO;
				ENABLE_STRICT_OBJC_MSGSEND = YES;
				GCC_C_LANGUAGE_STANDARD = gnu99;
				GCC_NO_COMMON_BLOCKS = YES;
				GCC_WARN_64_TO_32_BIT_CONVERSION = YES;
				GCC_WARN_ABOUT_RETURN_TYPE = YES_ERROR;
				GCC_WARN_UNDECLARED_SELECTOR = YES;
				GCC_WARN_UNINITIALIZED_AUTOS = YES_AGGRESSIVE;
				GCC_WARN_UNUSED_FUNCTION = YES;
				GCC_WARN_UNUSED_VARIABLE = YES;
				IPHONEOS_DEPLOYMENT_TARGET = 8.3;
				MTL_ENABLE_DEBUG_INFO = NO;
				SDKROOT = iphoneos;
				VALIDATE_PRODUCT = YES;
			};
			name = Release;
		};
		D95ADD651B0C0DAB007B78F6 /* Debug */ = {
			isa = XCBuildConfiguration;
			buildSettings = {
				ASSETCATALOG_COMPILER_APPICON_NAME = AppIcon;
				INFOPLIST_FILE = ToDoList/Info.plist;
				LD_RUNPATH_SEARCH_PATHS = "$(inherited) @executable_path/Frameworks";
				PRODUCT_NAME = "$(TARGET_NAME)";
			};
			name = Debug;
		};
		D95ADD661B0C0DAB007B78F6 /* Release */ = {
			isa = XCBuildConfiguration;
			buildSettings = {
				ASSETCATALOG_COMPILER_APPICON_NAME = AppIcon;
				INFOPLIST_FILE = ToDoList/Info.plist;
				LD_RUNPATH_SEARCH_PATHS = "$(inherited) @executable_path/Frameworks";
				PRODUCT_NAME = "$(TARGET_NAME)";
			};
			name = Release;
		};
		D95ADD681B0C0DAB007B78F6 /* Debug */ = {
			isa = XCBuildConfiguration;
			buildSettings = {
				BUNDLE_LOADER = "$(TEST_HOST)";
				FRAMEWORK_SEARCH_PATHS = (
					"$(SDKROOT)/Developer/Library/Frameworks",
					"$(inherited)",
				);
				GCC_PREPROCESSOR_DEFINITIONS = (
					"DEBUG=1",
					"$(inherited)",
				);
				INFOPLIST_FILE = ToDoListTests/Info.plist;
				LD_RUNPATH_SEARCH_PATHS = "$(inherited) @executable_path/Frameworks @loader_path/Frameworks";
				PRODUCT_NAME = "$(TARGET_NAME)";
				TEST_HOST = "$(BUILT_PRODUCTS_DIR)/ToDoList.app/ToDoList";
			};
			name = Debug;
		};
		D95ADD691B0C0DAB007B78F6 /* Release */ = {
			isa = XCBuildConfiguration;
			buildSettings = {
				BUNDLE_LOADER = "$(TEST_HOST)";
				FRAMEWORK_SEARCH_PATHS = (
					"$(SDKROOT)/Developer/Library/Frameworks",
					"$(inherited)",
				);
				INFOPLIST_FILE = ToDoListTests/Info.plist;
				LD_RUNPATH_SEARCH_PATHS = "$(inherited) @executable_path/Frameworks @loader_path/Frameworks";
				PRODUCT_NAME = "$(TARGET_NAME)";
				TEST_HOST = "$(BUILT_PRODUCTS_DIR)/ToDoList.app/ToDoList";
			};
			name = Release;
		};
/* End XCBuildConfiguration section */

/* Begin XCConfigurationList section */
		D95ADD401B0C0DAA007B78F6 /* Build configuration list for PBXProject "ToDoList" */ = {
			isa = XCConfigurationList;
			buildConfigurations = (
				D95ADD621B0C0DAB007B78F6 /* Debug */,
				D95ADD631B0C0DAB007B78F6 /* Release */,
			);
			defaultConfigurationIsVisible = 0;
			defaultConfigurationName = Release;
		};
		D95ADD641B0C0DAB007B78F6 /* Build configuration list for PBXNativeTarget "ToDoList" */ = {
			isa = XCConfigurationList;
			buildConfigurations = (
				D95ADD651B0C0DAB007B78F6 /* Debug */,
				D95ADD661B0C0DAB007B78F6 /* Release */,
			);
			defaultConfigurationIsVisible = 0;
		};
		D95ADD671B0C0DAB007B78F6 /* Build configuration list for PBXNativeTarget "ToDoListTests" */ = {
			isa = XCConfigurationList;
			buildConfigurations = (
				D95ADD681B0C0DAB007B78F6 /* Debug */,
				D95ADD691B0C0DAB007B78F6 /* Release */,
			);
			defaultConfigurationIsVisible = 0;
		};
/* End XCConfigurationList section */
	};
	rootObject = D95ADD3D1B0C0DAA007B78F6 /* Project object */;
}
