// !$*UTF8*$!
{
	archiveVersion = 1;
	classes = {
	};
	objectVersion = 46;
	objects = {

/* Begin PBXBuildFile section */
		D95B48B21AE9C05B00903C03 /* AppDelegate.swift in Sources */ = {isa = PBXBuildFile; fileRef = D95B48B11AE9C05B00903C03 /* AppDelegate.swift */; };
		D95B48B41AE9C05B00903C03 /* ViewController.swift in Sources */ = {isa = PBXBuildFile; fileRef = D95B48B31AE9C05B00903C03 /* ViewController.swift */; };
		D95B48B71AE9C05B00903C03 /* Main.storyboard in Resources */ = {isa = PBXBuildFile; fileRef = D95B48B51AE9C05B00903C03 /* Main.storyboard */; };
		D95B48B91AE9C05B00903C03 /* Images.xcassets in Resources */ = {isa = PBXBuildFile; fileRef = D95B48B81AE9C05B00903C03 /* Images.xcassets */; };
		D95B48BC1AE9C05B00903C03 /* LaunchScreen.xib in Resources */ = {isa = PBXBuildFile; fileRef = D95B48BA1AE9C05B00903C03 /* LaunchScreen.xib */; };
		D95B48C81AE9C05B00903C03 /* ConnectSeguesTests.swift in Sources */ = {isa = PBXBuildFile; fileRef = D95B48C71AE9C05B00903C03 /* ConnectSeguesTests.swift */; };
		D973CEB01AEB033900C3F49F /* ContactConstantin.jpg in Resources */ = {isa = PBXBuildFile; fileRef = D973CEAF1AEB033900C3F49F /* ContactConstantin.jpg */; };
/* End PBXBuildFile section */

/* Begin PBXContainerItemProxy section */
		D95B48C21AE9C05B00903C03 /* PBXContainerItemProxy */ = {
			isa = PBXContainerItemProxy;
			containerPortal = D95B48A41AE9C05A00903C03 /* Project object */;
			proxyType = 1;
			remoteGlobalIDString = D95B48AB1AE9C05B00903C03;
			remoteInfo = ConnectSegues;
		};
/* End PBXContainerItemProxy section */

/* Begin PBXFileReference section */
		D95B48AC1AE9C05B00903C03 /* ConnectSegues.app */ = {isa = PBXFileReference; explicitFileType = wrapper.application; includeInIndex = 0; path = ConnectSegues.app; sourceTree = BUILT_PRODUCTS_DIR; };
		D95B48B01AE9C05B00903C03 /* Info.plist */ = {isa = PBXFileReference; lastKnownFileType = text.plist.xml; path = Info.plist; sourceTree = "<group>"; };
		D95B48B11AE9C05B00903C03 /* AppDelegate.swift */ = {isa = PBXFileReference; lastKnownFileType = sourcecode.swift; path = AppDelegate.swift; sourceTree = "<group>"; };
		D95B48B31AE9C05B00903C03 /* ViewController.swift */ = {isa = PBXFileReference; lastKnownFileType = sourcecode.swift; path = ViewController.swift; sourceTree = "<group>"; };
		D95B48B61AE9C05B00903C03 /* Base */ = {isa = PBXFileReference; lastKnownFileType = file.storyboard; name = Base; path = Base.lproj/Main.storyboard; sourceTree = "<group>"; };
		D95B48B81AE9C05B00903C03 /* Images.xcassets */ = {isa = PBXFileReference; lastKnownFileType = folder.assetcatalog; path = Images.xcassets; sourceTree = "<group>"; };
		D95B48BB1AE9C05B00903C03 /* Base */ = {isa = PBXFileReference; lastKnownFileType = file.xib; name = Base; path = Base.lproj/LaunchScreen.xib; sourceTree = "<group>"; };
		D95B48C11AE9C05B00903C03 /* ConnectSeguesTests.xctest */ = {isa = PBXFileReference; explicitFileType = wrapper.cfbundle; includeInIndex = 0; path = ConnectSeguesTests.xctest; sourceTree = BUILT_PRODUCTS_DIR; };
		D95B48C61AE9C05B00903C03 /* Info.plist */ = {isa = PBXFileReference; lastKnownFileType = text.plist.xml; path = Info.plist; sourceTree = "<group>"; };
		D95B48C71AE9C05B00903C03 /* ConnectSeguesTests.swift */ = {isa = PBXFileReference; lastKnownFileType = sourcecode.swift; path = ConnectSeguesTests.swift; sourceTree = "<group>"; };
		D973CEAF1AEB033900C3F49F /* ContactConstantin.jpg */ = {isa = PBXFileReference; lastKnownFileType = image.jpeg; path = ContactConstantin.jpg; sourceTree = "<group>"; };
/* End PBXFileReference section */

/* Begin PBXFrameworksBuildPhase section */
		D95B48A91AE9C05B00903C03 /* Frameworks */ = {
			isa = PBXFrameworksBuildPhase;
			buildActionMask = 2147483647;
			files = (
			);
			runOnlyForDeploymentPostprocessing = 0;
		};
		D95B48BE1AE9C05B00903C03 /* Frameworks */ = {
			isa = PBXFrameworksBuildPhase;
			buildActionMask = 2147483647;
			files = (
			);
			runOnlyForDeploymentPostprocessing = 0;
		};
/* End PBXFrameworksBuildPhase section */

/* Begin PBXGroup section */
		D95B48A31AE9C05A00903C03 = {
			isa = PBXGroup;
			children = (
				D95B48AE1AE9C05B00903C03 /* ConnectSegues */,
				D95B48C41AE9C05B00903C03 /* ConnectSeguesTests */,
				D95B48AD1AE9C05B00903C03 /* Products */,
			);
			sourceTree = "<group>";
		};
		D95B48AD1AE9C05B00903C03 /* Products */ = {
			isa = PBXGroup;
			children = (
				D95B48AC1AE9C05B00903C03 /* ConnectSegues.app */,
				D95B48C11AE9C05B00903C03 /* ConnectSeguesTests.xctest */,
			);
			name = Products;
			sourceTree = "<group>";
		};
		D95B48AE1AE9C05B00903C03 /* ConnectSegues */ = {
			isa = PBXGroup;
			children = (
				D973CEAE1AEB031000C3F49F /* Pictures */,
				D95B48B11AE9C05B00903C03 /* AppDelegate.swift */,
				D95B48B31AE9C05B00903C03 /* ViewController.swift */,
				D95B48B51AE9C05B00903C03 /* Main.storyboard */,
				D95B48B81AE9C05B00903C03 /* Images.xcassets */,
				D95B48BA1AE9C05B00903C03 /* LaunchScreen.xib */,
				D95B48AF1AE9C05B00903C03 /* Supporting Files */,
			);
			path = ConnectSegues;
			sourceTree = "<group>";
		};
		D95B48AF1AE9C05B00903C03 /* Supporting Files */ = {
			isa = PBXGroup;
			children = (
				D95B48B01AE9C05B00903C03 /* Info.plist */,
			);
			name = "Supporting Files";
			sourceTree = "<group>";
		};
		D95B48C41AE9C05B00903C03 /* ConnectSeguesTests */ = {
			isa = PBXGroup;
			children = (
				D95B48C71AE9C05B00903C03 /* ConnectSeguesTests.swift */,
				D95B48C51AE9C05B00903C03 /* Supporting Files */,
			);
			path = ConnectSeguesTests;
			sourceTree = "<group>";
		};
		D95B48C51AE9C05B00903C03 /* Supporting Files */ = {
			isa = PBXGroup;
			children = (
				D95B48C61AE9C05B00903C03 /* Info.plist */,
			);
			name = "Supporting Files";
			sourceTree = "<group>";
		};
		D973CEAE1AEB031000C3F49F /* Pictures */ = {
			isa = PBXGroup;
			children = (
				D973CEAF1AEB033900C3F49F /* ContactConstantin.jpg */,
			);
			name = Pictures;
			sourceTree = "<group>";
		};
/* End PBXGroup section */

/* Begin PBXNativeTarget section */
		D95B48AB1AE9C05B00903C03 /* ConnectSegues */ = {
			isa = PBXNativeTarget;
			buildConfigurationList = D95B48CB1AE9C05B00903C03 /* Build configuration list for PBXNativeTarget "ConnectSegues" */;
			buildPhases = (
				D95B48A81AE9C05B00903C03 /* Sources */,
				D95B48A91AE9C05B00903C03 /* Frameworks */,
				D95B48AA1AE9C05B00903C03 /* Resources */,
			);
			buildRules = (
			);
			dependencies = (
			);
			name = ConnectSegues;
			productName = ConnectSegues;
			productReference = D95B48AC1AE9C05B00903C03 /* ConnectSegues.app */;
			productType = "com.apple.product-type.application";
		};
		D95B48C01AE9C05B00903C03 /* ConnectSeguesTests */ = {
			isa = PBXNativeTarget;
			buildConfigurationList = D95B48CE1AE9C05B00903C03 /* Build configuration list for PBXNativeTarget "ConnectSeguesTests" */;
			buildPhases = (
				D95B48BD1AE9C05B00903C03 /* Sources */,
				D95B48BE1AE9C05B00903C03 /* Frameworks */,
				D95B48BF1AE9C05B00903C03 /* Resources */,
			);
			buildRules = (
			);
			dependencies = (
				D95B48C31AE9C05B00903C03 /* PBXTargetDependency */,
			);
			name = ConnectSeguesTests;
			productName = ConnectSeguesTests;
			productReference = D95B48C11AE9C05B00903C03 /* ConnectSeguesTests.xctest */;
			productType = "com.apple.product-type.bundle.unit-test";
		};
/* End PBXNativeTarget section */

/* Begin PBXProject section */
		D95B48A41AE9C05A00903C03 /* Project object */ = {
			isa = PBXProject;
			attributes = {
				LastUpgradeCheck = 0630;
				ORGANIZATIONNAME = Constantin;
				TargetAttributes = {
					D95B48AB1AE9C05B00903C03 = {
						CreatedOnToolsVersion = 6.3;
					};
					D95B48C01AE9C05B00903C03 = {
						CreatedOnToolsVersion = 6.3;
						TestTargetID = D95B48AB1AE9C05B00903C03;
					};
				};
			};
			buildConfigurationList = D95B48A71AE9C05A00903C03 /* Build configuration list for PBXProject "ConnectSegues" */;
			compatibilityVersion = "Xcode 3.2";
			developmentRegion = English;
			hasScannedForEncodings = 0;
			knownRegions = (
				en,
				Base,
			);
			mainGroup = D95B48A31AE9C05A00903C03;
			productRefGroup = D95B48AD1AE9C05B00903C03 /* Products */;
			projectDirPath = "";
			projectRoot = "";
			targets = (
				D95B48AB1AE9C05B00903C03 /* ConnectSegues */,
				D95B48C01AE9C05B00903C03 /* ConnectSeguesTests */,
			);
		};
/* End PBXProject section */

/* Begin PBXResourcesBuildPhase section */
		D95B48AA1AE9C05B00903C03 /* Resources */ = {
			isa = PBXResourcesBuildPhase;
			buildActionMask = 2147483647;
			files = (
				D95B48B71AE9C05B00903C03 /* Main.storyboard in Resources */,
				D973CEB01AEB033900C3F49F /* ContactConstantin.jpg in Resources */,
				D95B48BC1AE9C05B00903C03 /* LaunchScreen.xib in Resources */,
				D95B48B91AE9C05B00903C03 /* Images.xcassets in Resources */,
			);
			runOnlyForDeploymentPostprocessing = 0;
		};
		D95B48BF1AE9C05B00903C03 /* Resources */ = {
			isa = PBXResourcesBuildPhase;
			buildActionMask = 2147483647;
			files = (
			);
			runOnlyForDeploymentPostprocessing = 0;
		};
/* End PBXResourcesBuildPhase section */

/* Begin PBXSourcesBuildPhase section */
		D95B48A81AE9C05B00903C03 /* Sources */ = {
			isa = PBXSourcesBuildPhase;
			buildActionMask = 2147483647;
			files = (
				D95B48B41AE9C05B00903C03 /* ViewController.swift in Sources */,
				D95B48B21AE9C05B00903C03 /* AppDelegate.swift in Sources */,
			);
			runOnlyForDeploymentPostprocessing = 0;
		};
		D95B48BD1AE9C05B00903C03 /* Sources */ = {
			isa = PBXSourcesBuildPhase;
			buildActionMask = 2147483647;
			files = (
				D95B48C81AE9C05B00903C03 /* ConnectSeguesTests.swift in Sources */,
			);
			runOnlyForDeploymentPostprocessing = 0;
		};
/* End PBXSourcesBuildPhase section */

/* Begin PBXTargetDependency section */
		D95B48C31AE9C05B00903C03 /* PBXTargetDependency */ = {
			isa = PBXTargetDependency;
			target = D95B48AB1AE9C05B00903C03 /* ConnectSegues */;
			targetProxy = D95B48C21AE9C05B00903C03 /* PBXContainerItemProxy */;
		};
/* End PBXTargetDependency section */

/* Begin PBXVariantGroup section */
		D95B48B51AE9C05B00903C03 /* Main.storyboard */ = {
			isa = PBXVariantGroup;
			children = (
				D95B48B61AE9C05B00903C03 /* Base */,
			);
			name = Main.storyboard;
			sourceTree = "<group>";
		};
		D95B48BA1AE9C05B00903C03 /* LaunchScreen.xib */ = {
			isa = PBXVariantGroup;
			children = (
				D95B48BB1AE9C05B00903C03 /* Base */,
			);
			name = LaunchScreen.xib;
			sourceTree = "<group>";
		};
/* End PBXVariantGroup section */

/* Begin XCBuildConfiguration section */
		D95B48C91AE9C05B00903C03 /* Debug */ = {
			isa = XCBuildConfiguration;
			buildSettings = {
				ALWAYS_SEARCH_USER_PATHS = NO;
				CLANG_CXX_LANGUAGE_STANDARD = "gnu++0x";
				CLANG_CXX_LIBRARY = "libc++";
				CLANG_ENABLE_MODULES = YES;
				CLANG_ENABLE_OBJC_ARC = YES;
				CLANG_WARN_BOOL_CONVERSION = YES;
				CLANG_WARN_CONSTANT_CONVERSION = YES;
				CLANG_WARN_DIRECT_OBJC_ISA_USAGE = YES_ERROR;
				CLANG_WARN_EMPTY_BODY = YES;
				CLANG_WARN_ENUM_CONVERSION = YES;
				CLANG_WARN_INT_CONVERSION = YES;
				CLANG_WARN_OBJC_ROOT_CLASS = YES_ERROR;
				CLANG_WARN_UNREACHABLE_CODE = YES;
				CLANG_WARN__DUPLICATE_METHOD_MATCH = YES;
				"CODE_SIGN_IDENTITY[sdk=iphoneos*]" = "iPhone Developer";
				COPY_PHASE_STRIP = NO;
				DEBUG_INFORMATION_FORMAT = "dwarf-with-dsym";
				ENABLE_STRICT_OBJC_MSGSEND = YES;
				GCC_C_LANGUAGE_STANDARD = gnu99;
				GCC_DYNAMIC_NO_PIC = NO;
				GCC_NO_COMMON_BLOCKS = YES;
				GCC_OPTIMIZATION_LEVEL = 0;
				GCC_PREPROCESSOR_DEFINITIONS = (
					"DEBUG=1",
					"$(inherited)",
				);
				GCC_SYMBOLS_PRIVATE_EXTERN = NO;
				GCC_WARN_64_TO_32_BIT_CONVERSION = YES;
				GCC_WARN_ABOUT_RETURN_TYPE = YES_ERROR;
				GCC_WARN_UNDECLARED_SELECTOR = YES;
				GCC_WARN_UNINITIALIZED_AUTOS = YES_AGGRESSIVE;
				GCC_WARN_UNUSED_FUNCTION = YES;
				GCC_WARN_UNUSED_VARIABLE = YES;
				IPHONEOS_DEPLOYMENT_TARGET = 8.3;
				MTL_ENABLE_DEBUG_INFO = YES;
				ONLY_ACTIVE_ARCH = YES;
				SDKROOT = iphoneos;
				SWIFT_OPTIMIZATION_LEVEL = "-Onone";
			};
			name = Debug;
		};
		D95B48CA1AE9C05B00903C03 /* Release */ = {
			isa = XCBuildConfiguration;
			buildSettings = {
				ALWAYS_SEARCH_USER_PATHS = NO;
				CLANG_CXX_LANGUAGE_STANDARD = "gnu++0x";
				CLANG_CXX_LIBRARY = "libc++";
				CLANG_ENABLE_MODULES = YES;
				CLANG_ENABLE_OBJC_ARC = YES;
				CLANG_WARN_BOOL_CONVERSION = YES;
				CLANG_WARN_CONSTANT_CONVERSION = YES;
				CLANG_WARN_DIRECT_OBJC_ISA_USAGE = YES_ERROR;
				CLANG_WARN_EMPTY_BODY = YES;
				CLANG_WARN_ENUM_CONVERSION = YES;
				CLANG_WARN_INT_CONVERSION = YES;
				CLANG_WARN_OBJC_ROOT_CLASS = YES_ERROR;
				CLANG_WARN_UNREACHABLE_CODE = YES;
				CLANG_WARN__DUPLICATE_METHOD_MATCH = YES;
				"CODE_SIGN_IDENTITY[sdk=iphoneos*]" = "iPhone Developer";
				COPY_PHASE_STRIP = NO;
				DEBUG_INFORMATION_FORMAT = "dwarf-with-dsym";
				ENABLE_NS_ASSERTIONS = NO;
				ENABLE_STRICT_OBJC_MSGSEND = YES;
				GCC_C_LANGUAGE_STANDARD = gnu99;
				GCC_NO_COMMON_BLOCKS = YES;
				GCC_WARN_64_TO_32_BIT_CONVERSION = YES;
				GCC_WARN_ABOUT_RETURN_TYPE = YES_ERROR;
				GCC_WARN_UNDECLARED_SELECTOR = YES;
				GCC_WARN_UNINITIALIZED_AUTOS = YES_AGGRESSIVE;
				GCC_WARN_UNUSED_FUNCTION = YES;
				GCC_WARN_UNUSED_VARIABLE = YES;
				IPHONEOS_DEPLOYMENT_TARGET = 8.3;
				MTL_ENABLE_DEBUG_INFO = NO;
				SDKROOT = iphoneos;
				VALIDATE_PRODUCT = YES;
			};
			name = Release;
		};
		D95B48CC1AE9C05B00903C03 /* Debug */ = {
			isa = XCBuildConfiguration;
			buildSettings = {
				ASSETCATALOG_COMPILER_APPICON_NAME = AppIcon;
				INFOPLIST_FILE = ConnectSegues/Info.plist;
				LD_RUNPATH_SEARCH_PATHS = "$(inherited) @executable_path/Frameworks";
				PRODUCT_NAME = "$(TARGET_NAME)";
			};
			name = Debug;
		};
		D95B48CD1AE9C05B00903C03 /* Release */ = {
			isa = XCBuildConfiguration;
			buildSettings = {
				ASSETCATALOG_COMPILER_APPICON_NAME = AppIcon;
				INFOPLIST_FILE = ConnectSegues/Info.plist;
				LD_RUNPATH_SEARCH_PATHS = "$(inherited) @executable_path/Frameworks";
				PRODUCT_NAME = "$(TARGET_NAME)";
			};
			name = Release;
		};
		D95B48CF1AE9C05B00903C03 /* Debug */ = {
			isa = XCBuildConfiguration;
			buildSettings = {
				BUNDLE_LOADER = "$(TEST_HOST)";
				FRAMEWORK_SEARCH_PATHS = (
					"$(SDKROOT)/Developer/Library/Frameworks",
					"$(inherited)",
				);
				GCC_PREPROCESSOR_DEFINITIONS = (
					"DEBUG=1",
					"$(inherited)",
				);
				INFOPLIST_FILE = ConnectSeguesTests/Info.plist;
				LD_RUNPATH_SEARCH_PATHS = "$(inherited) @executable_path/Frameworks @loader_path/Frameworks";
				PRODUCT_NAME = "$(TARGET_NAME)";
				TEST_HOST = "$(BUILT_PRODUCTS_DIR)/ConnectSegues.app/ConnectSegues";
			};
			name = Debug;
		};
		D95B48D01AE9C05B00903C03 /* Release */ = {
			isa = XCBuildConfiguration;
			buildSettings = {
				BUNDLE_LOADER = "$(TEST_HOST)";
				FRAMEWORK_SEARCH_PATHS = (
					"$(SDKROOT)/Developer/Library/Frameworks",
					"$(inherited)",
				);
				INFOPLIST_FILE = ConnectSeguesTests/Info.plist;
				LD_RUNPATH_SEARCH_PATHS = "$(inherited) @executable_path/Frameworks @loader_path/Frameworks";
				PRODUCT_NAME = "$(TARGET_NAME)";
				TEST_HOST = "$(BUILT_PRODUCTS_DIR)/ConnectSegues.app/ConnectSegues";
			};
			name = Release;
		};
/* End XCBuildConfiguration section */

/* Begin XCConfigurationList section */
		D95B48A71AE9C05A00903C03 /* Build configuration list for PBXProject "ConnectSegues" */ = {
			isa = XCConfigurationList;
			buildConfigurations = (
				D95B48C91AE9C05B00903C03 /* Debug */,
				D95B48CA1AE9C05B00903C03 /* Release */,
			);
			defaultConfigurationIsVisible = 0;
			defaultConfigurationName = Release;
		};
		D95B48CB1AE9C05B00903C03 /* Build configuration list for PBXNativeTarget "ConnectSegues" */ = {
			isa = XCConfigurationList;
			buildConfigurations = (
				D95B48CC1AE9C05B00903C03 /* Debug */,
				D95B48CD1AE9C05B00903C03 /* Release */,
			);
			defaultConfigurationIsVisible = 0;
			defaultConfigurationName = Release;
		};
		D95B48CE1AE9C05B00903C03 /* Build configuration list for PBXNativeTarget "ConnectSeguesTests" */ = {
			isa = XCConfigurationList;
			buildConfigurations = (
				D95B48CF1AE9C05B00903C03 /* Debug */,
				D95B48D01AE9C05B00903C03 /* Release */,
			);
			defaultConfigurationIsVisible = 0;
			defaultConfigurationName = Release;
		};
/* End XCConfigurationList section */
	};
	rootObject = D95B48A41AE9C05A00903C03 /* Project object */;
}
